
Microsoft Visual Studio Solution File, Format Version 12.00
# Visual Studio Version 17
VisualStudioVersion = 17.13.35931.197 d17.13
MinimumVisualStudioVersion = 10.0.40219.1
Project("{FAE04EC0-301F-11D3-BF4B-00C04F79EFBC}") = "LibraryManagement.BusinessLogic", "LibraryManagement.BusinessLogic\LibraryManagement.BusinessLogic.csproj", "{B663CE13-3CF0-4F1F-A3AA-C4EA5FF8427C}"
EndProject
Project("{FAE04EC0-301F-11D3-BF4B-00C04F79EFBC}") = "LibraryManagement.UI", "LibraryManagement.UI\LibraryManagement.UI.csproj", "{978D6B71-86A5-40D1-A67B-F21555887BC9}"
EndProject
Project("{FAE04EC0-301F-11D3-BF4B-00C04F79EFBC}") = "LibraryManagement.DataAccess", "LibraryManagement.DataAccess\LibraryManagement.DataAccess.csproj", "{531EC1E8-D5EC-462A-B03E-8B132D26D48C}"
EndProject
Project("{FAE04EC0-301F-11D3-BF4B-00C04F79EFBC}") = "LibraryManagement.Entities", "LibraryManagement.Entities\LibraryManagement.Entities.csproj", "{979CF0DA-23F9-4208-B20A-849C0005437A}"
EndProject
Global
	GlobalSection(SolutionConfigurationPlatforms) = preSolution
		Debug|Any CPU = Debug|Any CPU
		Release|Any CPU = Release|Any CPU
	EndGlobalSection
	GlobalSection(ProjectConfigurationPlatforms) = postSolution
		{B663CE13-3CF0-4F1F-A3AA-C4EA5FF8427C}.Debug|Any CPU.ActiveCfg = Debug|Any CPU
		{B663CE13-3CF0-4F1F-A3AA-C4EA5FF8427C}.Debug|Any CPU.Build.0 = Debug|Any CPU
		{B663CE13-3CF0-4F1F-A3AA-C4EA5FF8427C}.Release|Any CPU.ActiveCfg = Release|Any CPU
		{B663CE13-3CF0-4F1F-A3AA-C4EA5FF8427C}.Release|Any CPU.Build.0 = Release|Any CPU
		{978D6B71-86A5-40D1-A67B-F21555887BC9}.Debug|Any CPU.ActiveCfg = Debug|Any CPU
		{978D6B71-86A5-40D1-A67B-F21555887BC9}.Debug|Any CPU.Build.0 = Debug|Any CPU
		{978D6B71-86A5-40D1-A67B-F21555887BC9}.Release|Any CPU.ActiveCfg = Release|Any CPU
		{978D6B71-86A5-40D1-A67B-F21555887BC9}.Release|Any CPU.Build.0 = Release|Any CPU
		{531EC1E8-D5EC-462A-B03E-8B132D26D48C}.Debug|Any CPU.ActiveCfg = Debug|Any CPU
		{531EC1E8-D5EC-462A-B03E-8B132D26D48C}.Debug|Any CPU.Build.0 = Debug|Any CPU
		{531EC1E8-D5EC-462A-B03E-8B132D26D48C}.Release|Any CPU.ActiveCfg = Release|Any CPU
		{531EC1E8-D5EC-462A-B03E-8B132D26D48C}.Release|Any CPU.Build.0 = Release|Any CPU
		{979CF0DA-23F9-4208-B20A-849C0005437A}.Debug|Any CPU.ActiveCfg = Debug|Any CPU
		{979CF0DA-23F9-4208-B20A-849C0005437A}.Debug|Any CPU.Build.0 = Debug|Any CPU
		{979CF0DA-23F9-4208-B20A-849C0005437A}.Release|Any CPU.ActiveCfg = Release|Any CPU
		{979CF0DA-23F9-4208-B20A-849C0005437A}.Release|Any CPU.Build.0 = Release|Any CPU
	EndGlobalSection
	GlobalSection(SolutionProperties) = preSolution
		HideSolutionNode = FALSE
	EndGlobalSection
	GlobalSection(ExtensibilityGlobals) = postSolution
		SolutionGuid = {E99ACCB4-AF01-4D8F-8104-84F3F75F11EA}
	EndGlobalSection
EndGlobal
